// !$*UTF8*$!
{
	archiveVersion = 1;
	classes = {
	};
	objectVersion = 46;
	objects = {

/* Begin PBXBuildFile section */
		FD093EF31D4B09CC00D9F1A5 /* CsoundAccelerometerBinding.m in Sources */ = {isa = PBXBuildFile; fileRef = FD093EB51D4B09CC00D9F1A5 /* CsoundAccelerometerBinding.m */; };
		FD093EF41D4B09CC00D9F1A5 /* CsoundAttitudeBinding.m in Sources */ = {isa = PBXBuildFile; fileRef = FD093EB71D4B09CC00D9F1A5 /* CsoundAttitudeBinding.m */; };
		FD093EF51D4B09CC00D9F1A5 /* CsoundGyroscopeBinding.m in Sources */ = {isa = PBXBuildFile; fileRef = FD093EB91D4B09CC00D9F1A5 /* CsoundGyroscopeBinding.m */; };
		FD093EF61D4B09CC00D9F1A5 /* CsoundMotion.m in Sources */ = {isa = PBXBuildFile; fileRef = FD093EBB1D4B09CC00D9F1A5 /* CsoundMotion.m */; };
		FD093EF71D4B09CC00D9F1A5 /* CsoundButtonBinding.m in Sources */ = {isa = PBXBuildFile; fileRef = FD093EBE1D4B09CC00D9F1A5 /* CsoundButtonBinding.m */; };
		FD093EF81D4B09CC00D9F1A5 /* CsoundLabelBinding.m in Sources */ = {isa = PBXBuildFile; fileRef = FD093EC01D4B09CC00D9F1A5 /* CsoundLabelBinding.m */; };
		FD093EF91D4B09CC00D9F1A5 /* CsoundMomentaryButtonBinding.m in Sources */ = {isa = PBXBuildFile; fileRef = FD093EC21D4B09CC00D9F1A5 /* CsoundMomentaryButtonBinding.m */; };
		FD093EFA1D4B09CC00D9F1A5 /* CsoundSliderBinding.m in Sources */ = {isa = PBXBuildFile; fileRef = FD093EC41D4B09CC00D9F1A5 /* CsoundSliderBinding.m */; };
		FD093EFB1D4B09CC00D9F1A5 /* CsoundSwitchBinding.m in Sources */ = {isa = PBXBuildFile; fileRef = FD093EC61D4B09CC00D9F1A5 /* CsoundSwitchBinding.m */; };
		FD093EFC1D4B09CC00D9F1A5 /* CsoundUI.m in Sources */ = {isa = PBXBuildFile; fileRef = FD093EC81D4B09CC00D9F1A5 /* CsoundUI.m */; };
		FD093EFD1D4B09CC00D9F1A5 /* CsoundObj.m in Sources */ = {isa = PBXBuildFile; fileRef = FD093ECA1D4B09CC00D9F1A5 /* CsoundObj.m */; };
		FD093EFE1D4B09CC00D9F1A5 /* CsoundMIDI.m in Sources */ = {isa = PBXBuildFile; fileRef = FD093ECD1D4B09CC00D9F1A5 /* CsoundMIDI.m */; };
		FD093EFF1D4B09CC00D9F1A5 /* MidiWidgetsManager.m in Sources */ = {isa = PBXBuildFile; fileRef = FD093ECF1D4B09CC00D9F1A5 /* MidiWidgetsManager.m */; };
		FD093F001D4B09CC00D9F1A5 /* SliderMidiWidgetWrapper.m in Sources */ = {isa = PBXBuildFile; fileRef = FD093ED21D4B09CC00D9F1A5 /* SliderMidiWidgetWrapper.m */; };
		FD093F011D4B09CC00D9F1A5 /* libcsound.a in Frameworks */ = {isa = PBXBuildFile; fileRef = FD093EF01D4B09CC00D9F1A5 /* libcsound.a */; };
		FD093F021D4B09CC00D9F1A5 /* libsndfile.a in Frameworks */ = {isa = PBXBuildFile; fileRef = FD093EF11D4B09CC00D9F1A5 /* libsndfile.a */; };
		FD093F031D4B09CC00D9F1A5 /* LICENSE.TXT in Resources */ = {isa = PBXBuildFile; fileRef = FD093EF21D4B09CC00D9F1A5 /* LICENSE.TXT */; };
		FD40D0A11D4B385000F7A85C /* midiTest.csd in Resources */ = {isa = PBXBuildFile; fileRef = FD40D0A01D4B385000F7A85C /* midiTest.csd */; };
		FD8AEF771D3CB8C6002A06B4 /* AppDelegate.swift in Sources */ = {isa = PBXBuildFile; fileRef = FD8AEF761D3CB8C6002A06B4 /* AppDelegate.swift */; };
		FD8AEF791D3CB8C6002A06B4 /* ViewController.swift in Sources */ = {isa = PBXBuildFile; fileRef = FD8AEF781D3CB8C6002A06B4 /* ViewController.swift */; };
		FD8AEF7C1D3CB8C6002A06B4 /* Main.storyboard in Resources */ = {isa = PBXBuildFile; fileRef = FD8AEF7A1D3CB8C6002A06B4 /* Main.storyboard */; };
		FD8AEF7F1D3CB8C6002A06B4 /* MusicTheory.xcdatamodeld in Sources */ = {isa = PBXBuildFile; fileRef = FD8AEF7D1D3CB8C6002A06B4 /* MusicTheory.xcdatamodeld */; };
		FD8AEF811D3CB8C6002A06B4 /* Assets.xcassets in Resources */ = {isa = PBXBuildFile; fileRef = FD8AEF801D3CB8C6002A06B4 /* Assets.xcassets */; };
		FD8AEF841D3CB8C6002A06B4 /* LaunchScreen.storyboard in Resources */ = {isa = PBXBuildFile; fileRef = FD8AEF821D3CB8C6002A06B4 /* LaunchScreen.storyboard */; };
		FD8AEF8C1D3CB8EB002A06B4 /* STSequencer.swift in Sources */ = {isa = PBXBuildFile; fileRef = FD8AEF8B1D3CB8EB002A06B4 /* STSequencer.swift */; };
		FD8B0B7D1D50477F00F762FA /* Mode+CoreDataClass.swift in Sources */ = {isa = PBXBuildFile; fileRef = FD8B0B791D50477F00F762FA /* Mode+CoreDataClass.swift */; };
		FD8B0B7E1D50477F00F762FA /* Mode+CoreDataProperties.swift in Sources */ = {isa = PBXBuildFile; fileRef = FD8B0B7A1D50477F00F762FA /* Mode+CoreDataProperties.swift */; };
		FD8B0B7F1D50477F00F762FA /* Scale+CoreDataClass.swift in Sources */ = {isa = PBXBuildFile; fileRef = FD8B0B7B1D50477F00F762FA /* Scale+CoreDataClass.swift */; };
		FD8B0B801D50477F00F762FA /* Scale+CoreDataProperties.swift in Sources */ = {isa = PBXBuildFile; fileRef = FD8B0B7C1D50477F00F762FA /* Scale+CoreDataProperties.swift */; };
		FD9E18FB1D4FFB4800E9AAC8 /* MusicTheory.sqlite in Resources */ = {isa = PBXBuildFile; fileRef = FD9E18F71D4FF22E00E9AAC8 /* MusicTheory.sqlite */; };
		FD9E18FC1D4FFB4800E9AAC8 /* MusicTheory.sqlite-shm in Resources */ = {isa = PBXBuildFile; fileRef = FD9E18F81D4FF22E00E9AAC8 /* MusicTheory.sqlite-shm */; };
		FD9E18FD1D4FFB4800E9AAC8 /* MusicTheory.sqlite-wal in Resources */ = {isa = PBXBuildFile; fileRef = FD9E18F91D4FF22E00E9AAC8 /* MusicTheory.sqlite-wal */; };
		FDED23F61D3DFF6000345F44 /* MIDIFunctions.c in Sources */ = {isa = PBXBuildFile; fileRef = FDED23F41D3DFF6000345F44 /* MIDIFunctions.c */; };
		FDED23F91D3E102400345F44 /* GlobalFunctions.swift in Sources */ = {isa = PBXBuildFile; fileRef = FDED23F81D3E102400345F44 /* GlobalFunctions.swift */; };
		FDED23FB1D3E24A000345F44 /* STComposer.swift in Sources */ = {isa = PBXBuildFile; fileRef = FDED23FA1D3E24A000345F44 /* STComposer.swift */; };
/* End PBXBuildFile section */

/* Begin PBXCopyFilesBuildPhase section */
		FD868BDF1D4574880025F533 /* Embed Frameworks */ = {
			isa = PBXCopyFilesBuildPhase;
			buildActionMask = 2147483647;
			dstPath = "";
			dstSubfolderSpec = 10;
			files = (
			);
			name = "Embed Frameworks";
			runOnlyForDeploymentPostprocessing = 0;
		};
/* End PBXCopyFilesBuildPhase section */

/* Begin PBXFileReference section */
		FD093EB41D4B09CC00D9F1A5 /* CsoundAccelerometerBinding.h */ = {isa = PBXFileReference; fileEncoding = 4; lastKnownFileType = sourcecode.c.h; path = CsoundAccelerometerBinding.h; sourceTree = "<group>"; };
		FD093EB51D4B09CC00D9F1A5 /* CsoundAccelerometerBinding.m */ = {isa = PBXFileReference; fileEncoding = 4; lastKnownFileType = sourcecode.c.objc; path = CsoundAccelerometerBinding.m; sourceTree = "<group>"; };
		FD093EB61D4B09CC00D9F1A5 /* CsoundAttitudeBinding.h */ = {isa = PBXFileReference; fileEncoding = 4; lastKnownFileType = sourcecode.c.h; path = CsoundAttitudeBinding.h; sourceTree = "<group>"; };
		FD093EB71D4B09CC00D9F1A5 /* CsoundAttitudeBinding.m */ = {isa = PBXFileReference; fileEncoding = 4; lastKnownFileType = sourcecode.c.objc; path = CsoundAttitudeBinding.m; sourceTree = "<group>"; };
		FD093EB81D4B09CC00D9F1A5 /* CsoundGyroscopeBinding.h */ = {isa = PBXFileReference; fileEncoding = 4; lastKnownFileType = sourcecode.c.h; path = CsoundGyroscopeBinding.h; sourceTree = "<group>"; };
		FD093EB91D4B09CC00D9F1A5 /* CsoundGyroscopeBinding.m */ = {isa = PBXFileReference; fileEncoding = 4; lastKnownFileType = sourcecode.c.objc; path = CsoundGyroscopeBinding.m; sourceTree = "<group>"; };
		FD093EBA1D4B09CC00D9F1A5 /* CsoundMotion.h */ = {isa = PBXFileReference; fileEncoding = 4; lastKnownFileType = sourcecode.c.h; path = CsoundMotion.h; sourceTree = "<group>"; };
		FD093EBB1D4B09CC00D9F1A5 /* CsoundMotion.m */ = {isa = PBXFileReference; fileEncoding = 4; lastKnownFileType = sourcecode.c.objc; path = CsoundMotion.m; sourceTree = "<group>"; };
		FD093EBD1D4B09CC00D9F1A5 /* CsoundButtonBinding.h */ = {isa = PBXFileReference; fileEncoding = 4; lastKnownFileType = sourcecode.c.h; path = CsoundButtonBinding.h; sourceTree = "<group>"; };
		FD093EBE1D4B09CC00D9F1A5 /* CsoundButtonBinding.m */ = {isa = PBXFileReference; fileEncoding = 4; lastKnownFileType = sourcecode.c.objc; path = CsoundButtonBinding.m; sourceTree = "<group>"; };
		FD093EBF1D4B09CC00D9F1A5 /* CsoundLabelBinding.h */ = {isa = PBXFileReference; fileEncoding = 4; lastKnownFileType = sourcecode.c.h; path = CsoundLabelBinding.h; sourceTree = "<group>"; };
		FD093EC01D4B09CC00D9F1A5 /* CsoundLabelBinding.m */ = {isa = PBXFileReference; fileEncoding = 4; lastKnownFileType = sourcecode.c.objc; path = CsoundLabelBinding.m; sourceTree = "<group>"; };
		FD093EC11D4B09CC00D9F1A5 /* CsoundMomentaryButtonBinding.h */ = {isa = PBXFileReference; fileEncoding = 4; lastKnownFileType = sourcecode.c.h; path = CsoundMomentaryButtonBinding.h; sourceTree = "<group>"; };
		FD093EC21D4B09CC00D9F1A5 /* CsoundMomentaryButtonBinding.m */ = {isa = PBXFileReference; fileEncoding = 4; lastKnownFileType = sourcecode.c.objc; path = CsoundMomentaryButtonBinding.m; sourceTree = "<group>"; };
		FD093EC31D4B09CC00D9F1A5 /* CsoundSliderBinding.h */ = {isa = PBXFileReference; fileEncoding = 4; lastKnownFileType = sourcecode.c.h; path = CsoundSliderBinding.h; sourceTree = "<group>"; };
		FD093EC41D4B09CC00D9F1A5 /* CsoundSliderBinding.m */ = {isa = PBXFileReference; fileEncoding = 4; lastKnownFileType = sourcecode.c.objc; path = CsoundSliderBinding.m; sourceTree = "<group>"; };
		FD093EC51D4B09CC00D9F1A5 /* CsoundSwitchBinding.h */ = {isa = PBXFileReference; fileEncoding = 4; lastKnownFileType = sourcecode.c.h; path = CsoundSwitchBinding.h; sourceTree = "<group>"; };
		FD093EC61D4B09CC00D9F1A5 /* CsoundSwitchBinding.m */ = {isa = PBXFileReference; fileEncoding = 4; lastKnownFileType = sourcecode.c.objc; path = CsoundSwitchBinding.m; sourceTree = "<group>"; };
		FD093EC71D4B09CC00D9F1A5 /* CsoundUI.h */ = {isa = PBXFileReference; fileEncoding = 4; lastKnownFileType = sourcecode.c.h; path = CsoundUI.h; sourceTree = "<group>"; };
		FD093EC81D4B09CC00D9F1A5 /* CsoundUI.m */ = {isa = PBXFileReference; fileEncoding = 4; lastKnownFileType = sourcecode.c.objc; path = CsoundUI.m; sourceTree = "<group>"; };
		FD093EC91D4B09CC00D9F1A5 /* CsoundObj.h */ = {isa = PBXFileReference; fileEncoding = 4; lastKnownFileType = sourcecode.c.h; path = CsoundObj.h; sourceTree = "<group>"; };
		FD093ECA1D4B09CC00D9F1A5 /* CsoundObj.m */ = {isa = PBXFileReference; fileEncoding = 4; lastKnownFileType = sourcecode.c.objc; path = CsoundObj.m; sourceTree = "<group>"; };
		FD093ECC1D4B09CC00D9F1A5 /* CsoundMIDI.h */ = {isa = PBXFileReference; fileEncoding = 4; lastKnownFileType = sourcecode.c.h; path = CsoundMIDI.h; sourceTree = "<group>"; };
		FD093ECD1D4B09CC00D9F1A5 /* CsoundMIDI.m */ = {isa = PBXFileReference; fileEncoding = 4; lastKnownFileType = sourcecode.c.objc; path = CsoundMIDI.m; sourceTree = "<group>"; };
		FD093ECE1D4B09CC00D9F1A5 /* MidiWidgetsManager.h */ = {isa = PBXFileReference; fileEncoding = 4; lastKnownFileType = sourcecode.c.h; path = MidiWidgetsManager.h; sourceTree = "<group>"; };
		FD093ECF1D4B09CC00D9F1A5 /* MidiWidgetsManager.m */ = {isa = PBXFileReference; fileEncoding = 4; lastKnownFileType = sourcecode.c.objc; path = MidiWidgetsManager.m; sourceTree = "<group>"; };
		FD093ED01D4B09CC00D9F1A5 /* MidiWidgetWrapper.h */ = {isa = PBXFileReference; fileEncoding = 4; lastKnownFileType = sourcecode.c.h; path = MidiWidgetWrapper.h; sourceTree = "<group>"; };
		FD093ED11D4B09CC00D9F1A5 /* SliderMidiWidgetWrapper.h */ = {isa = PBXFileReference; fileEncoding = 4; lastKnownFileType = sourcecode.c.h; path = SliderMidiWidgetWrapper.h; sourceTree = "<group>"; };
		FD093ED21D4B09CC00D9F1A5 /* SliderMidiWidgetWrapper.m */ = {isa = PBXFileReference; fileEncoding = 4; lastKnownFileType = sourcecode.c.objc; path = SliderMidiWidgetWrapper.m; sourceTree = "<group>"; };
		FD093ED41D4B09CC00D9F1A5 /* cfgvar.h */ = {isa = PBXFileReference; fileEncoding = 4; lastKnownFileType = sourcecode.c.h; path = cfgvar.h; sourceTree = "<group>"; };
		FD093ED51D4B09CC00D9F1A5 /* CppSound.hpp */ = {isa = PBXFileReference; fileEncoding = 4; lastKnownFileType = sourcecode.cpp.h; path = CppSound.hpp; sourceTree = "<group>"; };
		FD093ED61D4B09CC00D9F1A5 /* cs_par_structs.h */ = {isa = PBXFileReference; fileEncoding = 4; lastKnownFileType = sourcecode.c.h; path = cs_par_structs.h; sourceTree = "<group>"; };
		FD093ED71D4B09CC00D9F1A5 /* cscore.h */ = {isa = PBXFileReference; fileEncoding = 4; lastKnownFileType = sourcecode.c.h; path = cscore.h; sourceTree = "<group>"; };
		FD093ED81D4B09CC00D9F1A5 /* csdebug.h */ = {isa = PBXFileReference; fileEncoding = 4; lastKnownFileType = sourcecode.c.h; path = csdebug.h; sourceTree = "<group>"; };
		FD093ED91D4B09CC00D9F1A5 /* csdl.h */ = {isa = PBXFileReference; fileEncoding = 4; lastKnownFileType = sourcecode.c.h; path = csdl.h; sourceTree = "<group>"; };
		FD093EDA1D4B09CC00D9F1A5 /* csound.h */ = {isa = PBXFileReference; fileEncoding = 4; lastKnownFileType = sourcecode.c.h; path = csound.h; sourceTree = "<group>"; };
		FD093EDB1D4B09CC00D9F1A5 /* csound.hpp */ = {isa = PBXFileReference; fileEncoding = 4; lastKnownFileType = sourcecode.cpp.h; path = csound.hpp; sourceTree = "<group>"; };
		FD093EDC1D4B09CC00D9F1A5 /* csound_data_structures.h */ = {isa = PBXFileReference; fileEncoding = 4; lastKnownFileType = sourcecode.c.h; path = csound_data_structures.h; sourceTree = "<group>"; };
		FD093EDD1D4B09CC00D9F1A5 /* csound_standard_types.h */ = {isa = PBXFileReference; fileEncoding = 4; lastKnownFileType = sourcecode.c.h; path = csound_standard_types.h; sourceTree = "<group>"; };
		FD093EDE1D4B09CC00D9F1A5 /* csound_type_system.h */ = {isa = PBXFileReference; fileEncoding = 4; lastKnownFileType = sourcecode.c.h; path = csound_type_system.h; sourceTree = "<group>"; };
		FD093EDF1D4B09CC00D9F1A5 /* csoundCore.h */ = {isa = PBXFileReference; fileEncoding = 4; lastKnownFileType = sourcecode.c.h; path = csoundCore.h; sourceTree = "<group>"; };
		FD093EE01D4B09CC00D9F1A5 /* CsoundFile.hpp */ = {isa = PBXFileReference; fileEncoding = 4; lastKnownFileType = sourcecode.cpp.h; path = CsoundFile.hpp; sourceTree = "<group>"; };
		FD093EE11D4B09CC00D9F1A5 /* cwindow.h */ = {isa = PBXFileReference; fileEncoding = 4; lastKnownFileType = sourcecode.c.h; path = cwindow.h; sourceTree = "<group>"; };
		FD093EE21D4B09CC00D9F1A5 /* filebuilding.h */ = {isa = PBXFileReference; fileEncoding = 4; lastKnownFileType = sourcecode.c.h; path = filebuilding.h; sourceTree = "<group>"; };
		FD093EE31D4B09CC00D9F1A5 /* float-version.h */ = {isa = PBXFileReference; fileEncoding = 4; lastKnownFileType = sourcecode.c.h; path = "float-version.h"; sourceTree = "<group>"; };
		FD093EE41D4B09CC00D9F1A5 /* interlocks.h */ = {isa = PBXFileReference; fileEncoding = 4; lastKnownFileType = sourcecode.c.h; path = interlocks.h; sourceTree = "<group>"; };
		FD093EE51D4B09CC00D9F1A5 /* msg_attr.h */ = {isa = PBXFileReference; fileEncoding = 4; lastKnownFileType = sourcecode.c.h; path = msg_attr.h; sourceTree = "<group>"; };
		FD093EE61D4B09CC00D9F1A5 /* OpcodeBase.hpp */ = {isa = PBXFileReference; fileEncoding = 4; lastKnownFileType = sourcecode.cpp.h; path = OpcodeBase.hpp; sourceTree = "<group>"; };
		FD093EE71D4B09CC00D9F1A5 /* pools.h */ = {isa = PBXFileReference; fileEncoding = 4; lastKnownFileType = sourcecode.c.h; path = pools.h; sourceTree = "<group>"; };
		FD093EE81D4B09CC00D9F1A5 /* pstream.h */ = {isa = PBXFileReference; fileEncoding = 4; lastKnownFileType = sourcecode.c.h; path = pstream.h; sourceTree = "<group>"; };
		FD093EE91D4B09CC00D9F1A5 /* pvfileio.h */ = {isa = PBXFileReference; fileEncoding = 4; lastKnownFileType = sourcecode.c.h; path = pvfileio.h; sourceTree = "<group>"; };
		FD093EEA1D4B09CC00D9F1A5 /* soundio.h */ = {isa = PBXFileReference; fileEncoding = 4; lastKnownFileType = sourcecode.c.h; path = soundio.h; sourceTree = "<group>"; };
		FD093EEB1D4B09CC00D9F1A5 /* sysdep.h */ = {isa = PBXFileReference; fileEncoding = 4; lastKnownFileType = sourcecode.c.h; path = sysdep.h; sourceTree = "<group>"; };
		FD093EEC1D4B09CC00D9F1A5 /* text.h */ = {isa = PBXFileReference; fileEncoding = 4; lastKnownFileType = sourcecode.c.h; path = text.h; sourceTree = "<group>"; };
		FD093EED1D4B09CC00D9F1A5 /* ugen.h */ = {isa = PBXFileReference; fileEncoding = 4; lastKnownFileType = sourcecode.c.h; path = ugen.h; sourceTree = "<group>"; };
		FD093EEE1D4B09CC00D9F1A5 /* version.h */ = {isa = PBXFileReference; fileEncoding = 4; lastKnownFileType = sourcecode.c.h; path = version.h; sourceTree = "<group>"; };
		FD093EF01D4B09CC00D9F1A5 /* libcsound.a */ = {isa = PBXFileReference; lastKnownFileType = archive.ar; path = libcsound.a; sourceTree = "<group>"; };
		FD093EF11D4B09CC00D9F1A5 /* libsndfile.a */ = {isa = PBXFileReference; lastKnownFileType = archive.ar; path = libsndfile.a; sourceTree = "<group>"; };
		FD093EF21D4B09CC00D9F1A5 /* LICENSE.TXT */ = {isa = PBXFileReference; fileEncoding = 4; lastKnownFileType = text; path = LICENSE.TXT; sourceTree = "<group>"; };
		FD093F041D4B0A7000D9F1A5 /* Csound iOS-Prefix.pch */ = {isa = PBXFileReference; lastKnownFileType = sourcecode.c.h; path = "Csound iOS-Prefix.pch"; sourceTree = "<group>"; };
		FD40D0A01D4B385000F7A85C /* midiTest.csd */ = {isa = PBXFileReference; fileEncoding = 4; lastKnownFileType = text; path = midiTest.csd; sourceTree = "<group>"; };
		FD8AEF731D3CB8C6002A06B4 /* soundTrack.app */ = {isa = PBXFileReference; explicitFileType = wrapper.application; includeInIndex = 0; path = soundTrack.app; sourceTree = BUILT_PRODUCTS_DIR; };
		FD8AEF761D3CB8C6002A06B4 /* AppDelegate.swift */ = {isa = PBXFileReference; lastKnownFileType = sourcecode.swift; path = AppDelegate.swift; sourceTree = "<group>"; };
		FD8AEF781D3CB8C6002A06B4 /* ViewController.swift */ = {isa = PBXFileReference; lastKnownFileType = sourcecode.swift; path = ViewController.swift; sourceTree = "<group>"; };
		FD8AEF7B1D3CB8C6002A06B4 /* Base */ = {isa = PBXFileReference; lastKnownFileType = file.storyboard; name = Base; path = Base.lproj/Main.storyboard; sourceTree = "<group>"; };
		FD8AEF7E1D3CB8C6002A06B4 /* MusicTheory.xcdatamodel */ = {isa = PBXFileReference; lastKnownFileType = wrapper.xcdatamodel; path = MusicTheory.xcdatamodel; sourceTree = "<group>"; };
		FD8AEF801D3CB8C6002A06B4 /* Assets.xcassets */ = {isa = PBXFileReference; lastKnownFileType = folder.assetcatalog; path = Assets.xcassets; sourceTree = "<group>"; };
		FD8AEF831D3CB8C6002A06B4 /* Base */ = {isa = PBXFileReference; lastKnownFileType = file.storyboard; name = Base; path = Base.lproj/LaunchScreen.storyboard; sourceTree = "<group>"; };
		FD8AEF851D3CB8C6002A06B4 /* Info.plist */ = {isa = PBXFileReference; lastKnownFileType = text.plist.xml; path = Info.plist; sourceTree = "<group>"; };
		FD8AEF8B1D3CB8EB002A06B4 /* STSequencer.swift */ = {isa = PBXFileReference; fileEncoding = 4; lastKnownFileType = sourcecode.swift; path = STSequencer.swift; sourceTree = "<group>"; };
		FD8B0B791D50477F00F762FA /* Mode+CoreDataClass.swift */ = {isa = PBXFileReference; fileEncoding = 4; lastKnownFileType = sourcecode.swift; name = "Mode+CoreDataClass.swift"; path = "soundTrack/coreData/Mode+CoreDataClass.swift"; sourceTree = "<group>"; };
		FD8B0B7A1D50477F00F762FA /* Mode+CoreDataProperties.swift */ = {isa = PBXFileReference; fileEncoding = 4; lastKnownFileType = sourcecode.swift; name = "Mode+CoreDataProperties.swift"; path = "soundTrack/coreData/Mode+CoreDataProperties.swift"; sourceTree = "<group>"; };
		FD8B0B7B1D50477F00F762FA /* Scale+CoreDataClass.swift */ = {isa = PBXFileReference; fileEncoding = 4; lastKnownFileType = sourcecode.swift; name = "Scale+CoreDataClass.swift"; path = "soundTrack/coreData/Scale+CoreDataClass.swift"; sourceTree = "<group>"; };
		FD8B0B7C1D50477F00F762FA /* Scale+CoreDataProperties.swift */ = {isa = PBXFileReference; fileEncoding = 4; lastKnownFileType = sourcecode.swift; name = "Scale+CoreDataProperties.swift"; path = "soundTrack/coreData/Scale+CoreDataProperties.swift"; sourceTree = "<group>"; };
		FD9532BF1D4AFCD0001E91E8 /* libcsound.a */ = {isa = PBXFileReference; lastKnownFileType = archive.ar; name = libcsound.a; path = "soundTrack/csound-iOS/libs/libcsound.a"; sourceTree = "<group>"; };
		FD9532C11D4AFCD2001E91E8 /* libsndfile.a */ = {isa = PBXFileReference; lastKnownFileType = archive.ar; name = libsndfile.a; path = "soundTrack/csound-iOS/libs/libsndfile.a"; sourceTree = "<group>"; };
		FD9E18F71D4FF22E00E9AAC8 /* MusicTheory.sqlite */ = {isa = PBXFileReference; lastKnownFileType = file; path = MusicTheory.sqlite; sourceTree = "<group>"; };
		FD9E18F81D4FF22E00E9AAC8 /* MusicTheory.sqlite-shm */ = {isa = PBXFileReference; lastKnownFileType = file; path = "MusicTheory.sqlite-shm"; sourceTree = "<group>"; };
		FD9E18F91D4FF22E00E9AAC8 /* MusicTheory.sqlite-wal */ = {isa = PBXFileReference; lastKnownFileType = file; path = "MusicTheory.sqlite-wal"; sourceTree = "<group>"; };
		FDED23F31D3DFF3F00345F44 /* soundTrack-Bridging-Header.h */ = {isa = PBXFileReference; lastKnownFileType = sourcecode.c.h; path = "soundTrack-Bridging-Header.h"; sourceTree = "<group>"; };
		FDED23F41D3DFF6000345F44 /* MIDIFunctions.c */ = {isa = PBXFileReference; fileEncoding = 4; lastKnownFileType = sourcecode.c.c; path = MIDIFunctions.c; sourceTree = "<group>"; };
		FDED23F51D3DFF6000345F44 /* MIDIFunctions.h */ = {isa = PBXFileReference; fileEncoding = 4; lastKnownFileType = sourcecode.c.h; path = MIDIFunctions.h; sourceTree = "<group>"; };
		FDED23F81D3E102400345F44 /* GlobalFunctions.swift */ = {isa = PBXFileReference; fileEncoding = 4; lastKnownFileType = sourcecode.swift; path = GlobalFunctions.swift; sourceTree = "<group>"; };
		FDED23FA1D3E24A000345F44 /* STComposer.swift */ = {isa = PBXFileReference; fileEncoding = 4; lastKnownFileType = sourcecode.swift; path = STComposer.swift; sourceTree = "<group>"; };
/* End PBXFileReference section */

/* Begin PBXFrameworksBuildPhase section */
		FD8AEF701D3CB8C6002A06B4 /* Frameworks */ = {
			isa = PBXFrameworksBuildPhase;
			buildActionMask = 2147483647;
			files = (
				FD093F011D4B09CC00D9F1A5 /* libcsound.a in Frameworks */,
				FD093F021D4B09CC00D9F1A5 /* libsndfile.a in Frameworks */,
			);
			runOnlyForDeploymentPostprocessing = 0;
		};
/* End PBXFrameworksBuildPhase section */

/* Begin PBXGroup section */
		FD093EB01D4B09CC00D9F1A5 /* csound-iOS */ = {
			isa = PBXGroup;
			children = (
				FD093EB11D4B09CC00D9F1A5 /* classes */,
				FD093ED31D4B09CC00D9F1A5 /* headers */,
				FD093EEF1D4B09CC00D9F1A5 /* libs */,
				FD093EF21D4B09CC00D9F1A5 /* LICENSE.TXT */,
			);
			path = "csound-iOS";
			sourceTree = "<group>";
		};
		FD093EB11D4B09CC00D9F1A5 /* classes */ = {
			isa = PBXGroup;
			children = (
				FD093EB21D4B09CC00D9F1A5 /* bindings */,
				FD093EC91D4B09CC00D9F1A5 /* CsoundObj.h */,
				FD093ECA1D4B09CC00D9F1A5 /* CsoundObj.m */,
				FD093ECB1D4B09CC00D9F1A5 /* midi */,
			);
			path = classes;
			sourceTree = "<group>";
		};
		FD093EB21D4B09CC00D9F1A5 /* bindings */ = {
			isa = PBXGroup;
			children = (
				FD093EB31D4B09CC00D9F1A5 /* motion */,
				FD093EBC1D4B09CC00D9F1A5 /* ui */,
			);
			path = bindings;
			sourceTree = "<group>";
		};
		FD093EB31D4B09CC00D9F1A5 /* motion */ = {
			isa = PBXGroup;
			children = (
				FD093EB41D4B09CC00D9F1A5 /* CsoundAccelerometerBinding.h */,
				FD093EB51D4B09CC00D9F1A5 /* CsoundAccelerometerBinding.m */,
				FD093EB61D4B09CC00D9F1A5 /* CsoundAttitudeBinding.h */,
				FD093EB71D4B09CC00D9F1A5 /* CsoundAttitudeBinding.m */,
				FD093EB81D4B09CC00D9F1A5 /* CsoundGyroscopeBinding.h */,
				FD093EB91D4B09CC00D9F1A5 /* CsoundGyroscopeBinding.m */,
				FD093EBA1D4B09CC00D9F1A5 /* CsoundMotion.h */,
				FD093EBB1D4B09CC00D9F1A5 /* CsoundMotion.m */,
			);
			path = motion;
			sourceTree = "<group>";
		};
		FD093EBC1D4B09CC00D9F1A5 /* ui */ = {
			isa = PBXGroup;
			children = (
				FD093EBD1D4B09CC00D9F1A5 /* CsoundButtonBinding.h */,
				FD093EBE1D4B09CC00D9F1A5 /* CsoundButtonBinding.m */,
				FD093EBF1D4B09CC00D9F1A5 /* CsoundLabelBinding.h */,
				FD093EC01D4B09CC00D9F1A5 /* CsoundLabelBinding.m */,
				FD093EC11D4B09CC00D9F1A5 /* CsoundMomentaryButtonBinding.h */,
				FD093EC21D4B09CC00D9F1A5 /* CsoundMomentaryButtonBinding.m */,
				FD093EC31D4B09CC00D9F1A5 /* CsoundSliderBinding.h */,
				FD093EC41D4B09CC00D9F1A5 /* CsoundSliderBinding.m */,
				FD093EC51D4B09CC00D9F1A5 /* CsoundSwitchBinding.h */,
				FD093EC61D4B09CC00D9F1A5 /* CsoundSwitchBinding.m */,
				FD093EC71D4B09CC00D9F1A5 /* CsoundUI.h */,
				FD093EC81D4B09CC00D9F1A5 /* CsoundUI.m */,
			);
			path = ui;
			sourceTree = "<group>";
		};
		FD093ECB1D4B09CC00D9F1A5 /* midi */ = {
			isa = PBXGroup;
			children = (
				FD093ECC1D4B09CC00D9F1A5 /* CsoundMIDI.h */,
				FD093ECD1D4B09CC00D9F1A5 /* CsoundMIDI.m */,
				FD093ECE1D4B09CC00D9F1A5 /* MidiWidgetsManager.h */,
				FD093ECF1D4B09CC00D9F1A5 /* MidiWidgetsManager.m */,
				FD093ED01D4B09CC00D9F1A5 /* MidiWidgetWrapper.h */,
				FD093ED11D4B09CC00D9F1A5 /* SliderMidiWidgetWrapper.h */,
				FD093ED21D4B09CC00D9F1A5 /* SliderMidiWidgetWrapper.m */,
			);
			path = midi;
			sourceTree = "<group>";
		};
		FD093ED31D4B09CC00D9F1A5 /* headers */ = {
			isa = PBXGroup;
			children = (
				FD093ED41D4B09CC00D9F1A5 /* cfgvar.h */,
				FD093ED51D4B09CC00D9F1A5 /* CppSound.hpp */,
				FD093ED61D4B09CC00D9F1A5 /* cs_par_structs.h */,
				FD093ED71D4B09CC00D9F1A5 /* cscore.h */,
				FD093ED81D4B09CC00D9F1A5 /* csdebug.h */,
				FD093ED91D4B09CC00D9F1A5 /* csdl.h */,
				FD093EDA1D4B09CC00D9F1A5 /* csound.h */,
				FD093EDB1D4B09CC00D9F1A5 /* csound.hpp */,
				FD093EDC1D4B09CC00D9F1A5 /* csound_data_structures.h */,
				FD093EDD1D4B09CC00D9F1A5 /* csound_standard_types.h */,
				FD093EDE1D4B09CC00D9F1A5 /* csound_type_system.h */,
				FD093EDF1D4B09CC00D9F1A5 /* csoundCore.h */,
				FD093EE01D4B09CC00D9F1A5 /* CsoundFile.hpp */,
				FD093EE11D4B09CC00D9F1A5 /* cwindow.h */,
				FD093EE21D4B09CC00D9F1A5 /* filebuilding.h */,
				FD093EE31D4B09CC00D9F1A5 /* float-version.h */,
				FD093EE41D4B09CC00D9F1A5 /* interlocks.h */,
				FD093EE51D4B09CC00D9F1A5 /* msg_attr.h */,
				FD093EE61D4B09CC00D9F1A5 /* OpcodeBase.hpp */,
				FD093EE71D4B09CC00D9F1A5 /* pools.h */,
				FD093EE81D4B09CC00D9F1A5 /* pstream.h */,
				FD093EE91D4B09CC00D9F1A5 /* pvfileio.h */,
				FD093EEA1D4B09CC00D9F1A5 /* soundio.h */,
				FD093EEB1D4B09CC00D9F1A5 /* sysdep.h */,
				FD093EEC1D4B09CC00D9F1A5 /* text.h */,
				FD093EED1D4B09CC00D9F1A5 /* ugen.h */,
				FD093EEE1D4B09CC00D9F1A5 /* version.h */,
			);
			path = headers;
			sourceTree = "<group>";
		};
		FD093EEF1D4B09CC00D9F1A5 /* libs */ = {
			isa = PBXGroup;
			children = (
				FD093EF01D4B09CC00D9F1A5 /* libcsound.a */,
				FD093EF11D4B09CC00D9F1A5 /* libsndfile.a */,
			);
			path = libs;
			sourceTree = "<group>";
		};
		FD8AEF6A1D3CB8C6002A06B4 = {
			isa = PBXGroup;
			children = (
				FD9E18DE1D4FD80700E9AAC8 /* coreData */,
				FD8AEF751D3CB8C6002A06B4 /* soundTrack */,
				FD8AEF741D3CB8C6002A06B4 /* Products */,
				FD9532BE1D4AFCD0001E91E8 /* Frameworks */,
			);
			sourceTree = "<group>";
		};
		FD8AEF741D3CB8C6002A06B4 /* Products */ = {
			isa = PBXGroup;
			children = (
				FD8AEF731D3CB8C6002A06B4 /* soundTrack.app */,
			);
			name = Products;
			sourceTree = "<group>";
		};
		FD8AEF751D3CB8C6002A06B4 /* soundTrack */ = {
			isa = PBXGroup;
			children = (
				FD40D0A01D4B385000F7A85C /* midiTest.csd */,
				FD9E18FA1D4FF23800E9AAC8 /* MusicTheoryData */,
				FD8AEF761D3CB8C6002A06B4 /* AppDelegate.swift */,
				FD8AEF781D3CB8C6002A06B4 /* ViewController.swift */,
				FDED23F81D3E102400345F44 /* GlobalFunctions.swift */,
				FD8AEF8B1D3CB8EB002A06B4 /* STSequencer.swift */,
				FDED23FA1D3E24A000345F44 /* STComposer.swift */,
				FD8AEF7A1D3CB8C6002A06B4 /* Main.storyboard */,
				FDED23F31D3DFF3F00345F44 /* soundTrack-Bridging-Header.h */,
				FD8AEF801D3CB8C6002A06B4 /* Assets.xcassets */,
				FD8AEF821D3CB8C6002A06B4 /* LaunchScreen.storyboard */,
				FD8AEF851D3CB8C6002A06B4 /* Info.plist */,
				FD8AEF7D1D3CB8C6002A06B4 /* MusicTheory.xcdatamodeld */,
				FD093F041D4B0A7000D9F1A5 /* Csound iOS-Prefix.pch */,
				FD093EB01D4B09CC00D9F1A5 /* csound-iOS */,
				FDED23F71D3DFF6700345F44 /* C_Functions */,
			);
			path = soundTrack;
			sourceTree = "<group>";
		};
		FD9532BE1D4AFCD0001E91E8 /* Frameworks */ = {
			isa = PBXGroup;
			children = (
				FD9532C11D4AFCD2001E91E8 /* libsndfile.a */,
				FD9532BF1D4AFCD0001E91E8 /* libcsound.a */,
			);
			name = Frameworks;
			sourceTree = "<group>";
		};
		FD9E18DE1D4FD80700E9AAC8 /* coreData */ = {
			isa = PBXGroup;
			children = (
				FD8B0B791D50477F00F762FA /* Mode+CoreDataClass.swift */,
				FD8B0B7A1D50477F00F762FA /* Mode+CoreDataProperties.swift */,
				FD8B0B7B1D50477F00F762FA /* Scale+CoreDataClass.swift */,
				FD8B0B7C1D50477F00F762FA /* Scale+CoreDataProperties.swift */,
			);
			name = coreData;
			sourceTree = "<group>";
		};
		FD9E18FA1D4FF23800E9AAC8 /* MusicTheoryData */ = {
			isa = PBXGroup;
			children = (
				FD9E18F71D4FF22E00E9AAC8 /* MusicTheory.sqlite */,
				FD9E18F81D4FF22E00E9AAC8 /* MusicTheory.sqlite-shm */,
				FD9E18F91D4FF22E00E9AAC8 /* MusicTheory.sqlite-wal */,
			);
			name = MusicTheoryData;
			sourceTree = "<group>";
		};
		FDED23F71D3DFF6700345F44 /* C_Functions */ = {
			isa = PBXGroup;
			children = (
				FDED23F51D3DFF6000345F44 /* MIDIFunctions.h */,
				FDED23F41D3DFF6000345F44 /* MIDIFunctions.c */,
			);
			name = C_Functions;
			sourceTree = "<group>";
		};
/* End PBXGroup section */

/* Begin PBXNativeTarget section */
		FD8AEF721D3CB8C6002A06B4 /* soundTrack */ = {
			isa = PBXNativeTarget;
			buildConfigurationList = FD8AEF881D3CB8C6002A06B4 /* Build configuration list for PBXNativeTarget "soundTrack" */;
			buildPhases = (
				FD8AEF6F1D3CB8C6002A06B4 /* Sources */,
				FD8AEF701D3CB8C6002A06B4 /* Frameworks */,
				FD8AEF711D3CB8C6002A06B4 /* Resources */,
				FD868BDF1D4574880025F533 /* Embed Frameworks */,
			);
			buildRules = (
			);
			dependencies = (
			);
			name = soundTrack;
			productName = soundTrack;
			productReference = FD8AEF731D3CB8C6002A06B4 /* soundTrack.app */;
			productType = "com.apple.product-type.application";
		};
/* End PBXNativeTarget section */

/* Begin PBXProject section */
		FD8AEF6B1D3CB8C6002A06B4 /* Project object */ = {
			isa = PBXProject;
			attributes = {
				LastSwiftUpdateCheck = 0800;
				LastUpgradeCheck = 0800;
				ORGANIZATIONNAME = WangRex;
				TargetAttributes = {
					FD8AEF721D3CB8C6002A06B4 = {
						CreatedOnToolsVersion = 8.0;
						DevelopmentTeam = 8U45AH5629;
						DevelopmentTeamName = "Wang Shijie";
						LastSwiftMigration = 0800;
						ProvisioningStyle = Automatic;
						SystemCapabilities = {
							com.apple.BackgroundModes = {
								enabled = 1;
							};
						};
					};
				};
			};
			buildConfigurationList = FD8AEF6E1D3CB8C6002A06B4 /* Build configuration list for PBXProject "soundTrack" */;
			compatibilityVersion = "Xcode 3.2";
			developmentRegion = English;
			hasScannedForEncodings = 0;
			knownRegions = (
				en,
				Base,
			);
			mainGroup = FD8AEF6A1D3CB8C6002A06B4;
			productRefGroup = FD8AEF741D3CB8C6002A06B4 /* Products */;
			projectDirPath = "";
			projectRoot = "";
			targets = (
				FD8AEF721D3CB8C6002A06B4 /* soundTrack */,
			);
		};
/* End PBXProject section */

/* Begin PBXResourcesBuildPhase section */
		FD8AEF711D3CB8C6002A06B4 /* Resources */ = {
			isa = PBXResourcesBuildPhase;
			buildActionMask = 2147483647;
			files = (
				FD9E18FB1D4FFB4800E9AAC8 /* MusicTheory.sqlite in Resources */,
				FD9E18FC1D4FFB4800E9AAC8 /* MusicTheory.sqlite-shm in Resources */,
				FD9E18FD1D4FFB4800E9AAC8 /* MusicTheory.sqlite-wal in Resources */,
				FD093F031D4B09CC00D9F1A5 /* LICENSE.TXT in Resources */,
				FD8AEF841D3CB8C6002A06B4 /* LaunchScreen.storyboard in Resources */,
				FD8AEF811D3CB8C6002A06B4 /* Assets.xcassets in Resources */,
				FD40D0A11D4B385000F7A85C /* midiTest.csd in Resources */,
				FD8AEF7C1D3CB8C6002A06B4 /* Main.storyboard in Resources */,
			);
			runOnlyForDeploymentPostprocessing = 0;
		};
/* End PBXResourcesBuildPhase section */

/* Begin PBXSourcesBuildPhase section */
		FD8AEF6F1D3CB8C6002A06B4 /* Sources */ = {
			isa = PBXSourcesBuildPhase;
			buildActionMask = 2147483647;
			files = (
				FD093EFC1D4B09CC00D9F1A5 /* CsoundUI.m in Sources */,
				FD093EF71D4B09CC00D9F1A5 /* CsoundButtonBinding.m in Sources */,
				FD093EF41D4B09CC00D9F1A5 /* CsoundAttitudeBinding.m in Sources */,
				FD8AEF8C1D3CB8EB002A06B4 /* STSequencer.swift in Sources */,
				FD093F001D4B09CC00D9F1A5 /* SliderMidiWidgetWrapper.m in Sources */,
				FD8AEF791D3CB8C6002A06B4 /* ViewController.swift in Sources */,
				FD093EFE1D4B09CC00D9F1A5 /* CsoundMIDI.m in Sources */,
				FD093EF51D4B09CC00D9F1A5 /* CsoundGyroscopeBinding.m in Sources */,
				FD8B0B7F1D50477F00F762FA /* Scale+CoreDataClass.swift in Sources */,
				FD093EF81D4B09CC00D9F1A5 /* CsoundLabelBinding.m in Sources */,
				FDED23F91D3E102400345F44 /* GlobalFunctions.swift in Sources */,
				FD093EFD1D4B09CC00D9F1A5 /* CsoundObj.m in Sources */,
				FD093EFF1D4B09CC00D9F1A5 /* MidiWidgetsManager.m in Sources */,
				FD8B0B7D1D50477F00F762FA /* Mode+CoreDataClass.swift in Sources */,
				FD093EFB1D4B09CC00D9F1A5 /* CsoundSwitchBinding.m in Sources */,
				FD8AEF771D3CB8C6002A06B4 /* AppDelegate.swift in Sources */,
				FD8B0B7E1D50477F00F762FA /* Mode+CoreDataProperties.swift in Sources */,
				FDED23FB1D3E24A000345F44 /* STComposer.swift in Sources */,
				FD8B0B801D50477F00F762FA /* Scale+CoreDataProperties.swift in Sources */,
				FD093EFA1D4B09CC00D9F1A5 /* CsoundSliderBinding.m in Sources */,
				FDED23F61D3DFF6000345F44 /* MIDIFunctions.c in Sources */,
				FD093EF91D4B09CC00D9F1A5 /* CsoundMomentaryButtonBinding.m in Sources */,
				FD8AEF7F1D3CB8C6002A06B4 /* MusicTheory.xcdatamodeld in Sources */,
				FD093EF31D4B09CC00D9F1A5 /* CsoundAccelerometerBinding.m in Sources */,
				FD093EF61D4B09CC00D9F1A5 /* CsoundMotion.m in Sources */,
			);
			runOnlyForDeploymentPostprocessing = 0;
		};
/* End PBXSourcesBuildPhase section */

/* Begin PBXVariantGroup section */
		FD8AEF7A1D3CB8C6002A06B4 /* Main.storyboard */ = {
			isa = PBXVariantGroup;
			children = (
				FD8AEF7B1D3CB8C6002A06B4 /* Base */,
			);
			name = Main.storyboard;
			sourceTree = "<group>";
		};
		FD8AEF821D3CB8C6002A06B4 /* LaunchScreen.storyboard */ = {
			isa = PBXVariantGroup;
			children = (
				FD8AEF831D3CB8C6002A06B4 /* Base */,
			);
			name = LaunchScreen.storyboard;
			sourceTree = "<group>";
		};
/* End PBXVariantGroup section */

/* Begin XCBuildConfiguration section */
		FD8AEF861D3CB8C6002A06B4 /* Debug */ = {
			isa = XCBuildConfiguration;
			buildSettings = {
				ALWAYS_SEARCH_USER_PATHS = NO;
				CLANG_ANALYZER_NONNULL = YES;
				CLANG_CXX_LANGUAGE_STANDARD = "gnu++0x";
				CLANG_CXX_LIBRARY = "libc++";
				CLANG_ENABLE_MODULES = YES;
				CLANG_ENABLE_OBJC_ARC = YES;
				CLANG_WARN_BOOL_CONVERSION = YES;
				CLANG_WARN_CONSTANT_CONVERSION = YES;
				CLANG_WARN_DIRECT_OBJC_ISA_USAGE = YES_ERROR;
				CLANG_WARN_DOCUMENTATION_COMMENTS = YES;
				CLANG_WARN_EMPTY_BODY = YES;
				CLANG_WARN_ENUM_CONVERSION = YES;
				CLANG_WARN_INT_CONVERSION = YES;
				CLANG_WARN_OBJC_ROOT_CLASS = YES_ERROR;
				CLANG_WARN_UNREACHABLE_CODE = YES;
				CLANG_WARN__DUPLICATE_METHOD_MATCH = YES;
				"CODE_SIGN_IDENTITY[sdk=iphoneos*]" = "iPhone Developer";
				COPY_PHASE_STRIP = NO;
				DEBUG_INFORMATION_FORMAT = dwarf;
				ENABLE_STRICT_OBJC_MSGSEND = YES;
				ENABLE_TESTABILITY = YES;
				GCC_C_LANGUAGE_STANDARD = gnu99;
				GCC_DYNAMIC_NO_PIC = NO;
				GCC_NO_COMMON_BLOCKS = YES;
				GCC_OPTIMIZATION_LEVEL = 0;
				GCC_PREPROCESSOR_DEFINITIONS = (
					"DEBUG=1",
					"$(inherited)",
				);
				GCC_WARN_64_TO_32_BIT_CONVERSION = YES;
				GCC_WARN_ABOUT_RETURN_TYPE = YES_ERROR;
				GCC_WARN_UNDECLARED_SELECTOR = YES;
				GCC_WARN_UNINITIALIZED_AUTOS = YES_AGGRESSIVE;
				GCC_WARN_UNUSED_FUNCTION = YES;
				GCC_WARN_UNUSED_VARIABLE = YES;
				IPHONEOS_DEPLOYMENT_TARGET = 10.0;
				MTL_ENABLE_DEBUG_INFO = YES;
				ONLY_ACTIVE_ARCH = YES;
				SDKROOT = iphoneos;
				SWIFT_ACTIVE_COMPILATION_CONDITIONS = DEBUG;
				SWIFT_OPTIMIZATION_LEVEL = "-Onone";
			};
			name = Debug;
		};
		FD8AEF871D3CB8C6002A06B4 /* Release */ = {
			isa = XCBuildConfiguration;
			buildSettings = {
				ALWAYS_SEARCH_USER_PATHS = NO;
				CLANG_ANALYZER_NONNULL = YES;
				CLANG_CXX_LANGUAGE_STANDARD = "gnu++0x";
				CLANG_CXX_LIBRARY = "libc++";
				CLANG_ENABLE_MODULES = YES;
				CLANG_ENABLE_OBJC_ARC = YES;
				CLANG_WARN_BOOL_CONVERSION = YES;
				CLANG_WARN_CONSTANT_CONVERSION = YES;
				CLANG_WARN_DIRECT_OBJC_ISA_USAGE = YES_ERROR;
				CLANG_WARN_DOCUMENTATION_COMMENTS = YES;
				CLANG_WARN_EMPTY_BODY = YES;
				CLANG_WARN_ENUM_CONVERSION = YES;
				CLANG_WARN_INT_CONVERSION = YES;
				CLANG_WARN_OBJC_ROOT_CLASS = YES_ERROR;
				CLANG_WARN_UNREACHABLE_CODE = YES;
				CLANG_WARN__DUPLICATE_METHOD_MATCH = YES;
				"CODE_SIGN_IDENTITY[sdk=iphoneos*]" = "iPhone Developer";
				COPY_PHASE_STRIP = NO;
				DEBUG_INFORMATION_FORMAT = "dwarf-with-dsym";
				ENABLE_NS_ASSERTIONS = NO;
				ENABLE_STRICT_OBJC_MSGSEND = YES;
				GCC_C_LANGUAGE_STANDARD = gnu99;
				GCC_NO_COMMON_BLOCKS = YES;
				GCC_WARN_64_TO_32_BIT_CONVERSION = YES;
				GCC_WARN_ABOUT_RETURN_TYPE = YES_ERROR;
				GCC_WARN_UNDECLARED_SELECTOR = YES;
				GCC_WARN_UNINITIALIZED_AUTOS = YES_AGGRESSIVE;
				GCC_WARN_UNUSED_FUNCTION = YES;
				GCC_WARN_UNUSED_VARIABLE = YES;
				IPHONEOS_DEPLOYMENT_TARGET = 10.0;
				MTL_ENABLE_DEBUG_INFO = NO;
				SDKROOT = iphoneos;
				SWIFT_OPTIMIZATION_LEVEL = "-Owholemodule";
				VALIDATE_PRODUCT = YES;
			};
			name = Release;
		};
		FD8AEF891D3CB8C6002A06B4 /* Debug */ = {
			isa = XCBuildConfiguration;
			buildSettings = {
				ALWAYS_EMBED_SWIFT_STANDARD_LIBRARIES = NO;
				ALWAYS_SEARCH_USER_PATHS = NO;
				ASSETCATALOG_COMPILER_APPICON_NAME = AppIcon;
				CLANG_ENABLE_MODULES = YES;
				ENABLE_BITCODE = NO;
				FRAMEWORK_SEARCH_PATHS = (
					"$(inherited)",
					"$(PROJECT_DIR)/soundTrack",
				);
				GCC_PRECOMPILE_PREFIX_HEADER = YES;
				GCC_PREFIX_HEADER = "soundTrack/Csound iOS-Prefix.pch";
				HEADER_SEARCH_PATHS = "";
				INFOPLIST_FILE = soundTrack/Info.plist;
				LD_RUNPATH_SEARCH_PATHS = "$(inherited) @executable_path/Frameworks";
				LIBRARY_SEARCH_PATHS = (
					"$(inherited)",
					"$(PROJECT_DIR)/soundTrack/csound-iOS/libs",
				);
				PRODUCT_BUNDLE_IDENTIFIER = com.rexwang.soundTrack;
				PRODUCT_NAME = "$(TARGET_NAME)";
				SWIFT_OBJC_BRIDGING_HEADER = "soundTrack/soundTrack-Bridging-Header.h";
				SWIFT_OPTIMIZATION_LEVEL = "-Onone";
				SWIFT_VERSION = 3.0;
				USER_HEADER_SEARCH_PATHS = "";
			};
			name = Debug;
		};
		FD8AEF8A1D3CB8C6002A06B4 /* Release */ = {
			isa = XCBuildConfiguration;
			buildSettings = {
				ALWAYS_EMBED_SWIFT_STANDARD_LIBRARIES = NO;
				ALWAYS_SEARCH_USER_PATHS = NO;
				ASSETCATALOG_COMPILER_APPICON_NAME = AppIcon;
				CLANG_ENABLE_MODULES = YES;
				ENABLE_BITCODE = NO;
				FRAMEWORK_SEARCH_PATHS = (
					"$(inherited)",
					"$(PROJECT_DIR)/soundTrack",
				);
				GCC_PRECOMPILE_PREFIX_HEADER = YES;
				GCC_PREFIX_HEADER = "soundTrack/Csound iOS-Prefix.pch";
				HEADER_SEARCH_PATHS = "";
				INFOPLIST_FILE = soundTrack/Info.plist;
				LD_RUNPATH_SEARCH_PATHS = "$(inherited) @executable_path/Frameworks";
				LIBRARY_SEARCH_PATHS = (
					"$(inherited)",
					"$(PROJECT_DIR)/soundTrack/csound-iOS/libs",
				);
				PRODUCT_BUNDLE_IDENTIFIER = com.rexwang.soundTrack;
				PRODUCT_NAME = "$(TARGET_NAME)";
				SWIFT_OBJC_BRIDGING_HEADER = "soundTrack/soundTrack-Bridging-Header.h";
				SWIFT_VERSION = 3.0;
				USER_HEADER_SEARCH_PATHS = "";
			};
			name = Release;
		};
/* End XCBuildConfiguration section */

/* Begin XCConfigurationList section */
		FD8AEF6E1D3CB8C6002A06B4 /* Build configuration list for PBXProject "soundTrack" */ = {
			isa = XCConfigurationList;
			buildConfigurations = (
				FD8AEF861D3CB8C6002A06B4 /* Debug */,
				FD8AEF871D3CB8C6002A06B4 /* Release */,
			);
			defaultConfigurationIsVisible = 0;
			defaultConfigurationName = Release;
		};
		FD8AEF881D3CB8C6002A06B4 /* Build configuration list for PBXNativeTarget "soundTrack" */ = {
			isa = XCConfigurationList;
			buildConfigurations = (
				FD8AEF891D3CB8C6002A06B4 /* Debug */,
				FD8AEF8A1D3CB8C6002A06B4 /* Release */,
			);
			defaultConfigurationIsVisible = 0;
			defaultConfigurationName = Release;
		};
/* End XCConfigurationList section */

/* Begin XCVersionGroup section */
		FD8AEF7D1D3CB8C6002A06B4 /* MusicTheory.xcdatamodeld */ = {
			isa = XCVersionGroup;
			children = (
				FD8AEF7E1D3CB8C6002A06B4 /* MusicTheory.xcdatamodel */,
			);
			currentVersion = FD8AEF7E1D3CB8C6002A06B4 /* MusicTheory.xcdatamodel */;
			path = MusicTheory.xcdatamodeld;
			sourceTree = "<group>";
			versionGroupType = wrapper.xcdatamodel;
		};
/* End XCVersionGroup section */
	};
	rootObject = FD8AEF6B1D3CB8C6002A06B4 /* Project object */;
}
